// !$*UTF8*$!
{
	archiveVersion = 1;
	classes = {
	};
	objectVersion = 46;
	objects = {

/* Begin PBXBuildFile section */
		5EC45BA51AF819E400D8959B /* AppDelegate.swift in Sources */ = {isa = PBXBuildFile; fileRef = 5EC45BA41AF819E400D8959B /* AppDelegate.swift */; };
		5EC45BA71AF819E400D8959B /* ViewController.swift in Sources */ = {isa = PBXBuildFile; fileRef = 5EC45BA61AF819E400D8959B /* ViewController.swift */; };
		5EC45BAA1AF819E400D8959B /* Main.storyboard in Resources */ = {isa = PBXBuildFile; fileRef = 5EC45BA81AF819E400D8959B /* Main.storyboard */; };
		5EC45BAC1AF819E400D8959B /* Images.xcassets in Resources */ = {isa = PBXBuildFile; fileRef = 5EC45BAB1AF819E400D8959B /* Images.xcassets */; };
		5EC45BAF1AF819E400D8959B /* LaunchScreen.xib in Resources */ = {isa = PBXBuildFile; fileRef = 5EC45BAD1AF819E400D8959B /* LaunchScreen.xib */; };
		5EC45BBB1AF819E400D8959B /* workTests.swift in Sources */ = {isa = PBXBuildFile; fileRef = 5EC45BBA1AF819E400D8959B /* workTests.swift */; };
/* End PBXBuildFile section */

/* Begin PBXContainerItemProxy section */
		5EC45BB51AF819E400D8959B /* PBXContainerItemProxy */ = {
			isa = PBXContainerItemProxy;
			containerPortal = 5EC45B971AF819E400D8959B /* Project object */;
			proxyType = 1;
			remoteGlobalIDString = 5EC45B9E1AF819E400D8959B;
			remoteInfo = work;
		};
/* End PBXContainerItemProxy section */

/* Begin PBXFileReference section */
		5EC45B9F1AF819E400D8959B /* work.app */ = {isa = PBXFileReference; explicitFileType = wrapper.application; includeInIndex = 0; path = work.app; sourceTree = BUILT_PRODUCTS_DIR; };
		5EC45BA31AF819E400D8959B /* Info.plist */ = {isa = PBXFileReference; lastKnownFileType = text.plist.xml; path = Info.plist; sourceTree = "<group>"; };
		5EC45BA41AF819E400D8959B /* AppDelegate.swift */ = {isa = PBXFileReference; lastKnownFileType = sourcecode.swift; path = AppDelegate.swift; sourceTree = "<group>"; };
		5EC45BA61AF819E400D8959B /* ViewController.swift */ = {isa = PBXFileReference; lastKnownFileType = sourcecode.swift; path = ViewController.swift; sourceTree = "<group>"; };
		5EC45BA91AF819E400D8959B /* Base */ = {isa = PBXFileReference; lastKnownFileType = file.storyboard; name = Base; path = Base.lproj/Main.storyboard; sourceTree = "<group>"; };
		5EC45BAB1AF819E400D8959B /* Images.xcassets */ = {isa = PBXFileReference; lastKnownFileType = folder.assetcatalog; path = Images.xcassets; sourceTree = "<group>"; };
		5EC45BAE1AF819E400D8959B /* Base */ = {isa = PBXFileReference; lastKnownFileType = file.xib; name = Base; path = Base.lproj/LaunchScreen.xib; sourceTree = "<group>"; };
		5EC45BB41AF819E400D8959B /* workTests.xctest */ = {isa = PBXFileReference; explicitFileType = wrapper.cfbundle; includeInIndex = 0; path = workTests.xctest; sourceTree = BUILT_PRODUCTS_DIR; };
		5EC45BB91AF819E400D8959B /* Info.plist */ = {isa = PBXFileReference; lastKnownFileType = text.plist.xml; path = Info.plist; sourceTree = "<group>"; };
		5EC45BBA1AF819E400D8959B /* workTests.swift */ = {isa = PBXFileReference; lastKnownFileType = sourcecode.swift; path = workTests.swift; sourceTree = "<group>"; };
/* End PBXFileReference section */

/* Begin PBXFrameworksBuildPhase section */
		5EC45B9C1AF819E400D8959B /* Frameworks */ = {
			isa = PBXFrameworksBuildPhase;
			buildActionMask = 2147483647;
			files = (
			);
			runOnlyForDeploymentPostprocessing = 0;
		};
		5EC45BB11AF819E400D8959B /* Frameworks */ = {
			isa = PBXFrameworksBuildPhase;
			buildActionMask = 2147483647;
			files = (
			);
			runOnlyForDeploymentPostprocessing = 0;
		};
/* End PBXFrameworksBuildPhase section */

/* Begin PBXGroup section */
		5EC45B961AF819E400D8959B = {
			isa = PBXGroup;
			children = (
				5EC45BA11AF819E400D8959B /* work */,
				5EC45BB71AF819E400D8959B /* workTests */,
				5EC45BA01AF819E400D8959B /* Products */,
			);
			sourceTree = "<group>";
		};
		5EC45BA01AF819E400D8959B /* Products */ = {
			isa = PBXGroup;
			children = (
				5EC45B9F1AF819E400D8959B /* work.app */,
				5EC45BB41AF819E400D8959B /* workTests.xctest */,
			);
			name = Products;
			sourceTree = "<group>";
		};
		5EC45BA11AF819E400D8959B /* work */ = {
			isa = PBXGroup;
			children = (
				5EC45BA41AF819E400D8959B /* AppDelegate.swift */,
				5EC45BA61AF819E400D8959B /* ViewController.swift */,
				5EC45BA81AF819E400D8959B /* Main.storyboard */,
				5EC45BAB1AF819E400D8959B /* Images.xcassets */,
				5EC45BAD1AF819E400D8959B /* LaunchScreen.xib */,
				5EC45BA21AF819E400D8959B /* Supporting Files */,
			);
			path = work;
			sourceTree = "<group>";
		};
		5EC45BA21AF819E400D8959B /* Supporting Files */ = {
			isa = PBXGroup;
			children = (
				5EC45BA31AF819E400D8959B /* Info.plist */,
			);
			name = "Supporting Files";
			sourceTree = "<group>";
		};
		5EC45BB71AF819E400D8959B /* workTests */ = {
			isa = PBXGroup;
			children = (
				5EC45BBA1AF819E400D8959B /* workTests.swift */,
				5EC45BB81AF819E400D8959B /* Supporting Files */,
			);
			path = workTests;
			sourceTree = "<group>";
		};
		5EC45BB81AF819E400D8959B /* Supporting Files */ = {
			isa = PBXGroup;
			children = (
				5EC45BB91AF819E400D8959B /* Info.plist */,
			);
			name = "Supporting Files";
			sourceTree = "<group>";
		};
/* End PBXGroup section */

/* Begin PBXNativeTarget section */
		5EC45B9E1AF819E400D8959B /* work */ = {
			isa = PBXNativeTarget;
			buildConfigurationList = 5EC45BBE1AF819E400D8959B /* Build configuration list for PBXNativeTarget "work" */;
			buildPhases = (
				5EC45B9B1AF819E400D8959B /* Sources */,
				5EC45B9C1AF819E400D8959B /* Frameworks */,
				5EC45B9D1AF819E400D8959B /* Resources */,
			);
			buildRules = (
			);
			dependencies = (
			);
			name = work;
			productName = work;
			productReference = 5EC45B9F1AF819E400D8959B /* work.app */;
			productType = "com.apple.product-type.application";
		};
		5EC45BB31AF819E400D8959B /* workTests */ = {
			isa = PBXNativeTarget;
			buildConfigurationList = 5EC45BC11AF819E400D8959B /* Build configuration list for PBXNativeTarget "workTests" */;
			buildPhases = (
				5EC45BB01AF819E400D8959B /* Sources */,
				5EC45BB11AF819E400D8959B /* Frameworks */,
				5EC45BB21AF819E400D8959B /* Resources */,
			);
			buildRules = (
			);
			dependencies = (
				5EC45BB61AF819E400D8959B /* PBXTargetDependency */,
			);
			name = workTests;
			productName = workTests;
			productReference = 5EC45BB41AF819E400D8959B /* workTests.xctest */;
			productType = "com.apple.product-type.bundle.unit-test";
		};
/* End PBXNativeTarget section */

/* Begin PBXProject section */
		5EC45B971AF819E400D8959B /* Project object */ = {
			isa = PBXProject;
			attributes = {
				LastUpgradeCheck = 0630;
				ORGANIZATIONNAME = "Arthur Bello";
				TargetAttributes = {
					5EC45B9E1AF819E400D8959B = {
						CreatedOnToolsVersion = 6.3.1;
					};
					5EC45BB31AF819E400D8959B = {
						CreatedOnToolsVersion = 6.3.1;
						TestTargetID = 5EC45B9E1AF819E400D8959B;
					};
				};
			};
			buildConfigurationList = 5EC45B9A1AF819E400D8959B /* Build configuration list for PBXProject "work" */;
			compatibilityVersion = "Xcode 3.2";
			developmentRegion = English;
			hasScannedForEncodings = 0;
			knownRegions = (
				en,
				Base,
			);
			mainGroup = 5EC45B961AF819E400D8959B;
			productRefGroup = 5EC45BA01AF819E400D8959B /* Products */;
			projectDirPath = "";
			projectRoot = "";
			targets = (
				5EC45B9E1AF819E400D8959B /* work */,
				5EC45BB31AF819E400D8959B /* workTests */,
			);
		};
/* End PBXProject section */

/* Begin PBXResourcesBuildPhase section */
		5EC45B9D1AF819E400D8959B /* Resources */ = {
			isa = PBXResourcesBuildPhase;
			buildActionMask = 2147483647;
			files = (
				5EC45BAA1AF819E400D8959B /* Main.storyboard in Resources */,
				5EC45BAF1AF819E400D8959B /* LaunchScreen.xib in Resources */,
				5EC45BAC1AF819E400D8959B /* Images.xcassets in Resources */,
			);
			runOnlyForDeploymentPostprocessing = 0;
		};
		5EC45BB21AF819E400D8959B /* Resources */ = {
			isa = PBXResourcesBuildPhase;
			buildActionMask = 2147483647;
			files = (
			);
			runOnlyForDeploymentPostprocessing = 0;
		};
/* End PBXResourcesBuildPhase section */

/* Begin PBXSourcesBuildPhase section */
		5EC45B9B1AF819E400D8959B /* Sources */ = {
			isa = PBXSourcesBuildPhase;
			buildActionMask = 2147483647;
			files = (
				5EC45BA71AF819E400D8959B /* ViewController.swift in Sources */,
				5EC45BA51AF819E400D8959B /* AppDelegate.swift in Sources */,
			);
			runOnlyForDeploymentPostprocessing = 0;
		};
		5EC45BB01AF819E400D8959B /* Sources */ = {
			isa = PBXSourcesBuildPhase;
			buildActionMask = 2147483647;
			files = (
				5EC45BBB1AF819E400D8959B /* workTests.swift in Sources */,
			);
			runOnlyForDeploymentPostprocessing = 0;
		};
/* End PBXSourcesBuildPhase section */

/* Begin PBXTargetDependency section */
		5EC45BB61AF819E400D8959B /* PBXTargetDependency */ = {
			isa = PBXTargetDependency;
			target = 5EC45B9E1AF819E400D8959B /* work */;
			targetProxy = 5EC45BB51AF819E400D8959B /* PBXContainerItemProxy */;
		};
/* End PBXTargetDependency section */

/* Begin PBXVariantGroup section */
		5EC45BA81AF819E400D8959B /* Main.storyboard */ = {
			isa = PBXVariantGroup;
			children = (
				5EC45BA91AF819E400D8959B /* Base */,
			);
			name = Main.storyboard;
			sourceTree = "<group>";
		};
		5EC45BAD1AF819E400D8959B /* LaunchScreen.xib */ = {
			isa = PBXVariantGroup;
			children = (
				5EC45BAE1AF819E400D8959B /* Base */,
			);
			name = LaunchScreen.xib;
			sourceTree = "<group>";
		};
/* End PBXVariantGroup section */

/* Begin XCBuildConfiguration section */
		5EC45BBC1AF819E400D8959B /* Debug */ = {
			isa = XCBuildConfiguration;
			buildSettings = {
				ALWAYS_SEARCH_USER_PATHS = NO;
				CLANG_CXX_LANGUAGE_STANDARD = "gnu++0x";
				CLANG_CXX_LIBRARY = "libc++";
				CLANG_ENABLE_MODULES = YES;
				CLANG_ENABLE_OBJC_ARC = YES;
				CLANG_WARN_BOOL_CONVERSION = YES;
				CLANG_WARN_CONSTANT_CONVERSION = YES;
				CLANG_WARN_DIRECT_OBJC_ISA_USAGE = YES_ERROR;
				CLANG_WARN_EMPTY_BODY = YES;
				CLANG_WARN_ENUM_CONVERSION = YES;
				CLANG_WARN_INT_CONVERSION = YES;
				CLANG_WARN_OBJC_ROOT_CLASS = YES_ERROR;
				CLANG_WARN_UNREACHABLE_CODE = YES;
				CLANG_WARN__DUPLICATE_METHOD_MATCH = YES;
				"CODE_SIGN_IDENTITY[sdk=iphoneos*]" = "iPhone Developer";
				COPY_PHASE_STRIP = NO;
				DEBUG_INFORMATION_FORMAT = "dwarf-with-dsym";
				ENABLE_STRICT_OBJC_MSGSEND = YES;
				GCC_C_LANGUAGE_STANDARD = gnu99;
				GCC_DYNAMIC_NO_PIC = NO;
				GCC_NO_COMMON_BLOCKS = YES;
				GCC_OPTIMIZATION_LEVEL = 0;
				GCC_PREPROCESSOR_DEFINITIONS = (
					"DEBUG=1",
					"$(inherited)",
				);
				GCC_SYMBOLS_PRIVATE_EXTERN = NO;
				GCC_WARN_64_TO_32_BIT_CONVERSION = YES;
				GCC_WARN_ABOUT_RETURN_TYPE = YES_ERROR;
				GCC_WARN_UNDECLARED_SELECTOR = YES;
				GCC_WARN_UNINITIALIZED_AUTOS = YES_AGGRESSIVE;
				GCC_WARN_UNUSED_FUNCTION = YES;
				GCC_WARN_UNUSED_VARIABLE = YES;
				IPHONEOS_DEPLOYMENT_TARGET = 8.3;
				MTL_ENABLE_DEBUG_INFO = YES;
				ONLY_ACTIVE_ARCH = YES;
				SDKROOT = iphoneos;
				SWIFT_OPTIMIZATION_LEVEL = "-Onone";
				TARGETED_DEVICE_FAMILY = "1,2";
			};
			name = Debug;
		};
		5EC45BBD1AF819E400D8959B /* Release */ = {
			isa = XCBuildConfiguration;
			buildSettings = {
				ALWAYS_SEARCH_USER_PATHS = NO;
				CLANG_CXX_LANGUAGE_STANDARD = "gnu++0x";
				CLANG_CXX_LIBRARY = "libc++";
				CLANG_ENABLE_MODULES = YES;
				CLANG_ENABLE_OBJC_ARC = YES;
				CLANG_WARN_BOOL_CONVERSION = YES;
				CLANG_WARN_CONSTANT_CONVERSION = YES;
				CLANG_WARN_DIRECT_OBJC_ISA_USAGE = YES_ERROR;
				CLANG_WARN_EMPTY_BODY = YES;
				CLANG_WARN_ENUM_CONVERSION = YES;
				CLANG_WARN_INT_CONVERSION = YES;
				CLANG_WARN_OBJC_ROOT_CLASS = YES_ERROR;
				CLANG_WARN_UNREACHABLE_CODE = YES;
				CLANG_WARN__DUPLICATE_METHOD_MATCH = YES;
				"CODE_SIGN_IDENTITY[sdk=iphoneos*]" = "iPhone Developer";
				COPY_PHASE_STRIP = NO;
				DEBUG_INFORMATION_FORMAT = "dwarf-with-dsym";
				ENABLE_NS_ASSERTIONS = NO;
				ENABLE_STRICT_OBJC_MSGSEND = YES;
				GCC_C_LANGUAGE_STANDARD = gnu99;
				GCC_NO_COMMON_BLOCKS = YES;
				GCC_WARN_64_TO_32_BIT_CONVERSION = YES;
				GCC_WARN_ABOUT_RETURN_TYPE = YES_ERROR;
				GCC_WARN_UNDECLARED_SELECTOR = YES;
				GCC_WARN_UNINITIALIZED_AUTOS = YES_AGGRESSIVE;
				GCC_WARN_UNUSED_FUNCTION = YES;
				GCC_WARN_UNUSED_VARIABLE = YES;
				IPHONEOS_DEPLOYMENT_TARGET = 8.3;
				MTL_ENABLE_DEBUG_INFO = NO;
				SDKROOT = iphoneos;
				TARGETED_DEVICE_FAMILY = "1,2";
				VALIDATE_PRODUCT = YES;
			};
			name = Release;
		};
		5EC45BBF1AF819E400D8959B /* Debug */ = {
			isa = XCBuildConfiguration;
			buildSettings = {
				ASSETCATALOG_COMPILER_APPICON_NAME = AppIcon;
				INFOPLIST_FILE = work/Info.plist;
				LD_RUNPATH_SEARCH_PATHS = "$(inherited) @executable_path/Frameworks";
				PRODUCT_NAME = "$(TARGET_NAME)";
			};
			name = Debug;
		};
		5EC45BC01AF819E400D8959B /* Release */ = {
			isa = XCBuildConfiguration;
			buildSettings = {
				ASSETCATALOG_COMPILER_APPICON_NAME = AppIcon;
				INFOPLIST_FILE = work/Info.plist;
				LD_RUNPATH_SEARCH_PATHS = "$(inherited) @executable_path/Frameworks";
				PRODUCT_NAME = "$(TARGET_NAME)";
			};
			name = Release;
		};
		5EC45BC21AF819E400D8959B /* Debug */ = {
			isa = XCBuildConfiguration;
			buildSettings = {
				BUNDLE_LOADER = "$(TEST_HOST)";
				FRAMEWORK_SEARCH_PATHS = (
					"$(SDKROOT)/Developer/Library/Frameworks",
					"$(inherited)",
				);
				GCC_PREPROCESSOR_DEFINITIONS = (
					"DEBUG=1",
					"$(inherited)",
				);
				INFOPLIST_FILE = workTests/Info.plist;
				LD_RUNPATH_SEARCH_PATHS = "$(inherited) @executable_path/Frameworks @loader_path/Frameworks";
				PRODUCT_NAME = "$(TARGET_NAME)";
				TEST_HOST = "$(BUILT_PRODUCTS_DIR)/work.app/work";
			};
			name = Debug;
		};
		5EC45BC31AF819E400D8959B /* Release */ = {
			isa = XCBuildConfiguration;
			buildSettings = {
				BUNDLE_LOADER = "$(TEST_HOST)";
				FRAMEWORK_SEARCH_PATHS = (
					"$(SDKROOT)/Developer/Library/Frameworks",
					"$(inherited)",
				);
				INFOPLIST_FILE = workTests/Info.plist;
				LD_RUNPATH_SEARCH_PATHS = "$(inherited) @executable_path/Frameworks @loader_path/Frameworks";
				PRODUCT_NAME = "$(TARGET_NAME)";
				TEST_HOST = "$(BUILT_PRODUCTS_DIR)/work.app/work";
			};
			name = Release;
		};
/* End XCBuildConfiguration section */

/* Begin XCConfigurationList section */
		5EC45B9A1AF819E400D8959B /* Build configuration list for PBXProject "work" */ = {
			isa = XCConfigurationList;
			buildConfigurations = (
				5EC45BBC1AF819E400D8959B /* Debug */,
				5EC45BBD1AF819E400D8959B /* Release */,
			);
			defaultConfigurationIsVisible = 0;
			defaultConfigurationName = Release;
		};
		5EC45BBE1AF819E400D8959B /* Build configuration list for PBXNativeTarget "work" */ = {
			isa = XCConfigurationList;
			buildConfigurations = (
				5EC45BBF1AF819E400D8959B /* Debug */,
				5EC45BC01AF819E400D8959B /* Release */,
			);
			defaultConfigurationIsVisible = 0;
		};
		5EC45BC11AF819E400D8959B /* Build configuration list for PBXNativeTarget "workTests" */ = {
			isa = XCConfigurationList;
			buildConfigurations = (
				5EC45BC21AF819E400D8959B /* Debug */,
				5EC45BC31AF819E400D8959B /* Release */,
			);
			defaultConfigurationIsVisible = 0;
		};
/* End XCConfigurationList section */
	};
	rootObject = 5EC45B971AF819E400D8959B /* Project object */;
}
